// !$*UTF8*$!
{
	archiveVersion = 1;
	classes = {
	};
	objectVersion = 50;
	objects = {

/* Begin PBXBuildFile section */
		89E84B4CFE6E19DE2C5AB90C /* Pods_ios_list_update_lib_dwifft_example.framework in Frameworks */ = {isa = PBXBuildFile; fileRef = 9F0F96BFF6603878B642594A /* Pods_ios_list_update_lib_dwifft_example.framework */; };
		B8A7D9F822021054001A9D16 /* AppDelegate.swift in Sources */ = {isa = PBXBuildFile; fileRef = B8A7D9F722021054001A9D16 /* AppDelegate.swift */; };
		B8A7D9FD22021054001A9D16 /* Main.storyboard in Resources */ = {isa = PBXBuildFile; fileRef = B8A7D9FB22021054001A9D16 /* Main.storyboard */; };
		B8A7D9FF22021055001A9D16 /* Assets.xcassets in Resources */ = {isa = PBXBuildFile; fileRef = B8A7D9FE22021055001A9D16 /* Assets.xcassets */; };
		B8A7DA0222021055001A9D16 /* LaunchScreen.storyboard in Resources */ = {isa = PBXBuildFile; fileRef = B8A7DA0022021055001A9D16 /* LaunchScreen.storyboard */; };
		B8A7DA0B2202122B001A9D16 /* Stuff.swift in Sources */ = {isa = PBXBuildFile; fileRef = B8A7DA0A2202122B001A9D16 /* Stuff.swift */; };
		B8A7DA0D22021322001A9D16 /* StuffTableViewController.swift in Sources */ = {isa = PBXBuildFile; fileRef = B8A7DA0C22021322001A9D16 /* StuffTableViewController.swift */; };
		B8A7DA0F22021366001A9D16 /* StuffCollectionViewController.swift in Sources */ = {isa = PBXBuildFile; fileRef = B8A7DA0E22021366001A9D16 /* StuffCollectionViewController.swift */; };
		B8A7DA11220213CC001A9D16 /* EventTableViewcontroller.swift in Sources */ = {isa = PBXBuildFile; fileRef = B8A7DA10220213CC001A9D16 /* EventTableViewcontroller.swift */; };
/* End PBXBuildFile section */

/* Begin PBXFileReference section */
		0CCC87CB869B05438C696468 /* Pods-ios_list_update_lib_dwifft_example.debug.xcconfig */ = {isa = PBXFileReference; includeInIndex = 1; lastKnownFileType = text.xcconfig; name = "Pods-ios_list_update_lib_dwifft_example.debug.xcconfig"; path = "Pods/Target Support Files/Pods-ios_list_update_lib_dwifft_example/Pods-ios_list_update_lib_dwifft_example.debug.xcconfig"; sourceTree = "<group>"; };
		9F0F96BFF6603878B642594A /* Pods_ios_list_update_lib_dwifft_example.framework */ = {isa = PBXFileReference; explicitFileType = wrapper.framework; includeInIndex = 0; path = Pods_ios_list_update_lib_dwifft_example.framework; sourceTree = BUILT_PRODUCTS_DIR; };
		ABBCFAAE1EA3EA73C723ADC2 /* Pods-ios_list_update_lib_dwifft_example.release.xcconfig */ = {isa = PBXFileReference; includeInIndex = 1; lastKnownFileType = text.xcconfig; name = "Pods-ios_list_update_lib_dwifft_example.release.xcconfig"; path = "Pods/Target Support Files/Pods-ios_list_update_lib_dwifft_example/Pods-ios_list_update_lib_dwifft_example.release.xcconfig"; sourceTree = "<group>"; };
		B8A7D9F422021054001A9D16 /* ios_list_update_lib_dwifft_example.app */ = {isa = PBXFileReference; explicitFileType = wrapper.application; includeInIndex = 0; path = ios_list_update_lib_dwifft_example.app; sourceTree = BUILT_PRODUCTS_DIR; };
		B8A7D9F722021054001A9D16 /* AppDelegate.swift */ = {isa = PBXFileReference; lastKnownFileType = sourcecode.swift; path = AppDelegate.swift; sourceTree = "<group>"; };
		B8A7D9FC22021054001A9D16 /* Base */ = {isa = PBXFileReference; lastKnownFileType = file.storyboard; name = Base; path = Base.lproj/Main.storyboard; sourceTree = "<group>"; };
		B8A7D9FE22021055001A9D16 /* Assets.xcassets */ = {isa = PBXFileReference; lastKnownFileType = folder.assetcatalog; path = Assets.xcassets; sourceTree = "<group>"; };
		B8A7DA0122021055001A9D16 /* Base */ = {isa = PBXFileReference; lastKnownFileType = file.storyboard; name = Base; path = Base.lproj/LaunchScreen.storyboard; sourceTree = "<group>"; };
		B8A7DA0322021055001A9D16 /* Info.plist */ = {isa = PBXFileReference; lastKnownFileType = text.plist.xml; path = Info.plist; sourceTree = "<group>"; };
		B8A7DA0A2202122B001A9D16 /* Stuff.swift */ = {isa = PBXFileReference; lastKnownFileType = sourcecode.swift; path = Stuff.swift; sourceTree = "<group>"; };
		B8A7DA0C22021322001A9D16 /* StuffTableViewController.swift */ = {isa = PBXFileReference; lastKnownFileType = sourcecode.swift; path = StuffTableViewController.swift; sourceTree = "<group>"; };
		B8A7DA0E22021366001A9D16 /* StuffCollectionViewController.swift */ = {isa = PBXFileReference; lastKnownFileType = sourcecode.swift; path = StuffCollectionViewController.swift; sourceTree = "<group>"; };
		B8A7DA10220213CC001A9D16 /* EventTableViewcontroller.swift */ = {isa = PBXFileReference; lastKnownFileType = sourcecode.swift; path = EventTableViewcontroller.swift; sourceTree = "<group>"; };
/* End PBXFileReference section */

/* Begin PBXFrameworksBuildPhase section */
		B8A7D9F122021054001A9D16 /* Frameworks */ = {
			isa = PBXFrameworksBuildPhase;
			buildActionMask = 2147483647;
			files = (
				89E84B4CFE6E19DE2C5AB90C /* Pods_ios_list_update_lib_dwifft_example.framework in Frameworks */,
			);
			runOnlyForDeploymentPostprocessing = 0;
		};
/* End PBXFrameworksBuildPhase section */

/* Begin PBXGroup section */
		856165F596C2CCFFF2A8EA14 /* Pods */ = {
			isa = PBXGroup;
			children = (
				0CCC87CB869B05438C696468 /* Pods-ios_list_update_lib_dwifft_example.debug.xcconfig */,
				ABBCFAAE1EA3EA73C723ADC2 /* Pods-ios_list_update_lib_dwifft_example.release.xcconfig */,
			);
			name = Pods;
			sourceTree = "<group>";
		};
		B8A7D9EB22021054001A9D16 = {
			isa = PBXGroup;
			children = (
				B8A7D9F622021054001A9D16 /* ios_list_update_lib_dwifft_example */,
				B8A7D9F522021054001A9D16 /* Products */,
				856165F596C2CCFFF2A8EA14 /* Pods */,
				FF5EADCA3C409ACE65D2FFA8 /* Frameworks */,
			);
			sourceTree = "<group>";
		};
		B8A7D9F522021054001A9D16 /* Products */ = {
			isa = PBXGroup;
			children = (
				B8A7D9F422021054001A9D16 /* ios_list_update_lib_dwifft_example.app */,
			);
			name = Products;
			sourceTree = "<group>";
		};
		B8A7D9F622021054001A9D16 /* ios_list_update_lib_dwifft_example */ = {
			isa = PBXGroup;
			children = (
				B8A7DA0A2202122B001A9D16 /* Stuff.swift */,
				B8A7DA0C22021322001A9D16 /* StuffTableViewController.swift */,
				B8A7DA0E22021366001A9D16 /* StuffCollectionViewController.swift */,
				B8A7DA10220213CC001A9D16 /* EventTableViewcontroller.swift */,
				B8A7D9FB22021054001A9D16 /* Main.storyboard */,
				B8A7DA09220210F0001A9D16 /* supporting_files */,
				B8A7D9FE22021055001A9D16 /* Assets.xcassets */,
				B8A7DA0322021055001A9D16 /* Info.plist */,
			);
			path = ios_list_update_lib_dwifft_example;
			sourceTree = "<group>";
		};
		B8A7DA09220210F0001A9D16 /* supporting_files */ = {
			isa = PBXGroup;
			children = (
				B8A7D9F722021054001A9D16 /* AppDelegate.swift */,
				B8A7DA0022021055001A9D16 /* LaunchScreen.storyboard */,
			);
			path = supporting_files;
			sourceTree = "<group>";
		};
		FF5EADCA3C409ACE65D2FFA8 /* Frameworks */ = {
			isa = PBXGroup;
			children = (
				9F0F96BFF6603878B642594A /* Pods_ios_list_update_lib_dwifft_example.framework */,
			);
			name = Frameworks;
			sourceTree = "<group>";
		};
/* End PBXGroup section */

/* Begin PBXNativeTarget section */
		B8A7D9F322021054001A9D16 /* ios_list_update_lib_dwifft_example */ = {
			isa = PBXNativeTarget;
			buildConfigurationList = B8A7DA0622021055001A9D16 /* Build configuration list for PBXNativeTarget "ios_list_update_lib_dwifft_example" */;
			buildPhases = (
				6AE30587C663523511F55081 /* [CP] Check Pods Manifest.lock */,
				B8A7D9F022021054001A9D16 /* Sources */,
				B8A7D9F122021054001A9D16 /* Frameworks */,
				B8A7D9F222021054001A9D16 /* Resources */,
				68898335AFCC9A1868FC7A8F /* [CP] Embed Pods Frameworks */,
			);
			buildRules = (
			);
			dependencies = (
			);
			name = ios_list_update_lib_dwifft_example;
			productName = ios_list_update_lib_dwifft_example;
			productReference = B8A7D9F422021054001A9D16 /* ios_list_update_lib_dwifft_example.app */;
			productType = "com.apple.product-type.application";
		};
/* End PBXNativeTarget section */

/* Begin PBXProject section */
		B8A7D9EC22021054001A9D16 /* Project object */ = {
			isa = PBXProject;
			attributes = {
				LastSwiftUpdateCheck = 1010;
				LastUpgradeCheck = 1010;
				ORGANIZATIONNAME = codexpedia;
				TargetAttributes = {
					B8A7D9F322021054001A9D16 = {
						CreatedOnToolsVersion = 10.1;
					};
				};
			};
			buildConfigurationList = B8A7D9EF22021054001A9D16 /* Build configuration list for PBXProject "ios_list_update_lib_dwifft_example" */;
			compatibilityVersion = "Xcode 9.3";
			developmentRegion = en;
			hasScannedForEncodings = 0;
			knownRegions = (
				en,
				Base,
			);
			mainGroup = B8A7D9EB22021054001A9D16;
			productRefGroup = B8A7D9F522021054001A9D16 /* Products */;
			projectDirPath = "";
			projectRoot = "";
			targets = (
				B8A7D9F322021054001A9D16 /* ios_list_update_lib_dwifft_example */,
			);
		};
/* End PBXProject section */

/* Begin PBXResourcesBuildPhase section */
		B8A7D9F222021054001A9D16 /* Resources */ = {
			isa = PBXResourcesBuildPhase;
			buildActionMask = 2147483647;
			files = (
				B8A7DA0222021055001A9D16 /* LaunchScreen.storyboard in Resources */,
				B8A7D9FF22021055001A9D16 /* Assets.xcassets in Resources */,
				B8A7D9FD22021054001A9D16 /* Main.storyboard in Resources */,
			);
			runOnlyForDeploymentPostprocessing = 0;
		};
/* End PBXResourcesBuildPhase section */

/* Begin PBXShellScriptBuildPhase section */
		68898335AFCC9A1868FC7A8F /* [CP] Embed Pods Frameworks */ = {
			isa = PBXShellScriptBuildPhase;
			buildActionMask = 2147483647;
			files = (
			);
			inputFileListPaths = (
			);
			inputPaths = (
				"${SRCROOT}/Pods/Target Support Files/Pods-ios_list_update_lib_dwifft_example/Pods-ios_list_update_lib_dwifft_example-frameworks.sh",
				"${BUILT_PRODUCTS_DIR}/Dwifft/Dwifft.framework",
			);
			name = "[CP] Embed Pods Frameworks";
			outputFileListPaths = (
			);
			outputPaths = (
				"${TARGET_BUILD_DIR}/${FRAMEWORKS_FOLDER_PATH}/Dwifft.framework",
			);
			runOnlyForDeploymentPostprocessing = 0;
			shellPath = /bin/sh;
			shellScript = "\"${SRCROOT}/Pods/Target Support Files/Pods-ios_list_update_lib_dwifft_example/Pods-ios_list_update_lib_dwifft_example-frameworks.sh\"\n";
			showEnvVarsInLog = 0;
		};
		6AE30587C663523511F55081 /* [CP] Check Pods Manifest.lock */ = {
			isa = PBXShellScriptBuildPhase;
			buildActionMask = 2147483647;
			files = (
			);
			inputFileListPaths = (
			);
			inputPaths = (
				"${PODS_PODFILE_DIR_PATH}/Podfile.lock",
				"${PODS_ROOT}/Manifest.lock",
			);
			name = "[CP] Check Pods Manifest.lock";
			outputFileListPaths = (
			);
			outputPaths = (
				"$(DERIVED_FILE_DIR)/Pods-ios_list_update_lib_dwifft_example-checkManifestLockResult.txt",
			);
			runOnlyForDeploymentPostprocessing = 0;
			shellPath = /bin/sh;
			shellScript = "diff \"${PODS_PODFILE_DIR_PATH}/Podfile.lock\" \"${PODS_ROOT}/Manifest.lock\" > /dev/null\nif [ $? != 0 ] ; then\n    # print error to STDERR\n    echo \"error: The sandbox is not in sync with the Podfile.lock. Run 'pod install' or update your CocoaPods installation.\" >&2\n    exit 1\nfi\n# This output is used by Xcode 'outputs' to avoid re-running this script phase.\necho \"SUCCESS\" > \"${SCRIPT_OUTPUT_FILE_0}\"\n";
			showEnvVarsInLog = 0;
		};
/* End PBXShellScriptBuildPhase section */

/* Begin PBXSourcesBuildPhase section */
		B8A7D9F022021054001A9D16 /* Sources */ = {
			isa = PBXSourcesBuildPhase;
			buildActionMask = 2147483647;
			files = (
				B8A7DA0F22021366001A9D16 /* StuffCollectionViewController.swift in Sources */,
				B8A7DA0D22021322001A9D16 /* StuffTableViewController.swift in Sources */,
				B8A7DA0B2202122B001A9D16 /* Stuff.swift in Sources */,
				B8A7D9F822021054001A9D16 /* AppDelegate.swift in Sources */,
				B8A7DA11220213CC001A9D16 /* EventTableViewcontroller.swift in Sources */,
			);
			runOnlyForDeploymentPostprocessing = 0;
		};
/* End PBXSourcesBuildPhase section */

/* Begin PBXVariantGroup section */
		B8A7D9FB22021054001A9D16 /* Main.storyboard */ = {
			isa = PBXVariantGroup;
			children = (
				B8A7D9FC22021054001A9D16 /* Base */,
			);
			name = Main.storyboard;
			sourceTree = "<group>";
		};
		B8A7DA0022021055001A9D16 /* LaunchScreen.storyboard */ = {
			isa = PBXVariantGroup;
			children = (
				B8A7DA0122021055001A9D16 /* Base */,
			);
			name = LaunchScreen.storyboard;
			sourceTree = "<group>";
		};
/* End PBXVariantGroup section */

/* Begin XCBuildConfiguration section */
		B8A7DA0422021055001A9D16 /* Debug */ = {
			isa = XCBuildConfiguration;
			buildSettings = {
				ALWAYS_SEARCH_USER_PATHS = NO;
				CLANG_ANALYZER_NONNULL = YES;
				CLANG_ANALYZER_NUMBER_OBJECT_CONVERSION = YES_AGGRESSIVE;
				CLANG_CXX_LANGUAGE_STANDARD = "gnu++14";
				CLANG_CXX_LIBRARY = "libc++";
				CLANG_ENABLE_MODULES = YES;
				CLANG_ENABLE_OBJC_ARC = YES;
				CLANG_ENABLE_OBJC_WEAK = YES;
				CLANG_WARN_BLOCK_CAPTURE_AUTORELEASING = YES;
				CLANG_WARN_BOOL_CONVERSION = YES;
				CLANG_WARN_COMMA = YES;
				CLANG_WARN_CONSTANT_CONVERSION = YES;
				CLANG_WARN_DEPRECATED_OBJC_IMPLEMENTATIONS = YES;
				CLANG_WARN_DIRECT_OBJC_ISA_USAGE = YES_ERROR;
				CLANG_WARN_DOCUMENTATION_COMMENTS = YES;
				CLANG_WARN_EMPTY_BODY = YES;
				CLANG_WARN_ENUM_CONVERSION = YES;
				CLANG_WARN_INFINITE_RECURSION = YES;
				CLANG_WARN_INT_CONVERSION = YES;
				CLANG_WARN_NON_LITERAL_NULL_CONVERSION = YES;
				CLANG_WARN_OBJC_IMPLICIT_RETAIN_SELF = YES;
				CLANG_WARN_OBJC_LITERAL_CONVERSION = YES;
				CLANG_WARN_OBJC_ROOT_CLASS = YES_ERROR;
				CLANG_WARN_RANGE_LOOP_ANALYSIS = YES;
				CLANG_WARN_STRICT_PROTOTYPES = YES;
				CLANG_WARN_SUSPICIOUS_MOVE = YES;
				CLANG_WARN_UNGUARDED_AVAILABILITY = YES_AGGRESSIVE;
				CLANG_WARN_UNREACHABLE_CODE = YES;
				CLANG_WARN__DUPLICATE_METHOD_MATCH = YES;
				CODE_SIGN_IDENTITY = "iPhone Developer";
				COPY_PHASE_STRIP = NO;
				DEBUG_INFORMATION_FORMAT = dwarf;
				ENABLE_STRICT_OBJC_MSGSEND = YES;
				ENABLE_TESTABILITY = YES;
				GCC_C_LANGUAGE_STANDARD = gnu11;
				GCC_DYNAMIC_NO_PIC = NO;
				GCC_NO_COMMON_BLOCKS = YES;
				GCC_OPTIMIZATION_LEVEL = 0;
				GCC_PREPROCESSOR_DEFINITIONS = (
					"DEBUG=1",
					"$(inherited)",
				);
				GCC_WARN_64_TO_32_BIT_CONVERSION = YES;
				GCC_WARN_ABOUT_RETURN_TYPE = YES_ERROR;
				GCC_WARN_UNDECLARED_SELECTOR = YES;
				GCC_WARN_UNINITIALIZED_AUTOS = YES_AGGRESSIVE;
				GCC_WARN_UNUSED_FUNCTION = YES;
				GCC_WARN_UNUSED_VARIABLE = YES;
				IPHONEOS_DEPLOYMENT_TARGET = 12.1;
				MTL_ENABLE_DEBUG_INFO = INCLUDE_SOURCE;
				MTL_FAST_MATH = YES;
				ONLY_ACTIVE_ARCH = YES;
				SDKROOT = iphoneos;
				SWIFT_ACTIVE_COMPILATION_CONDITIONS = DEBUG;
				SWIFT_OPTIMIZATION_LEVEL = "-Onone";
			};
			name = Debug;
		};
		B8A7DA0522021055001A9D16 /* Release */ = {
			isa = XCBuildConfiguration;
			buildSettings = {
				ALWAYS_SEARCH_USER_PATHS = NO;
				CLANG_ANALYZER_NONNULL = YES;
				CLANG_ANALYZER_NUMBER_OBJECT_CONVERSION = YES_AGGRESSIVE;
				CLANG_CXX_LANGUAGE_STANDARD = "gnu++14";
				CLANG_CXX_LIBRARY = "libc++";
				CLANG_ENABLE_MODULES = YES;
				CLANG_ENABLE_OBJC_ARC = YES;
				CLANG_ENABLE_OBJC_WEAK = YES;
				CLANG_WARN_BLOCK_CAPTURE_AUTORELEASING = YES;
				CLANG_WARN_BOOL_CONVERSION = YES;
				CLANG_WARN_COMMA = YES;
				CLANG_WARN_CONSTANT_CONVERSION = YES;
				CLANG_WARN_DEPRECATED_OBJC_IMPLEMENTATIONS = YES;
				CLANG_WARN_DIRECT_OBJC_ISA_USAGE = YES_ERROR;
				CLANG_WARN_DOCUMENTATION_COMMENTS = YES;
				CLANG_WARN_EMPTY_BODY = YES;
				CLANG_WARN_ENUM_CONVERSION = YES;
				CLANG_WARN_INFINITE_RECURSION = YES;
				CLANG_WARN_INT_CONVERSION = YES;
				CLANG_WARN_NON_LITERAL_NULL_CONVERSION = YES;
				CLANG_WARN_OBJC_IMPLICIT_RETAIN_SELF = YES;
				CLANG_WARN_OBJC_LITERAL_CONVERSION = YES;
				CLANG_WARN_OBJC_ROOT_CLASS = YES_ERROR;
				CLANG_WARN_RANGE_LOOP_ANALYSIS = YES;
				CLANG_WARN_STRICT_PROTOTYPES = YES;
				CLANG_WARN_SUSPICIOUS_MOVE = YES;
				CLANG_WARN_UNGUARDED_AVAILABILITY = YES_AGGRESSIVE;
				CLANG_WARN_UNREACHABLE_CODE = YES;
				CLANG_WARN__DUPLICATE_METHOD_MATCH = YES;
				CODE_SIGN_IDENTITY = "iPhone Developer";
				COPY_PHASE_STRIP = NO;
				DEBUG_INFORMATION_FORMAT = "dwarf-with-dsym";
				ENABLE_NS_ASSERTIONS = NO;
				ENABLE_STRICT_OBJC_MSGSEND = YES;
				GCC_C_LANGUAGE_STANDARD = gnu11;
				GCC_NO_COMMON_BLOCKS = YES;
				GCC_WARN_64_TO_32_BIT_CONVERSION = YES;
				GCC_WARN_ABOUT_RETURN_TYPE = YES_ERROR;
				GCC_WARN_UNDECLARED_SELECTOR = YES;
				GCC_WARN_UNINITIALIZED_AUTOS = YES_AGGRESSIVE;
				GCC_WARN_UNUSED_FUNCTION = YES;
				GCC_WARN_UNUSED_VARIABLE = YES;
				IPHONEOS_DEPLOYMENT_TARGET = 12.1;
				MTL_ENABLE_DEBUG_INFO = NO;
				MTL_FAST_MATH = YES;
				SDKROOT = iphoneos;
				SWIFT_COMPILATION_MODE = wholemodule;
				SWIFT_OPTIMIZATION_LEVEL = "-O";
				VALIDATE_PRODUCT = YES;
			};
			name = Release;
		};
		B8A7DA0722021055001A9D16 /* Debug */ = {
			isa = XCBuildConfiguration;
			baseConfigurationReference = 0CCC87CB869B05438C696468 /* Pods-ios_list_update_lib_dwifft_example.debug.xcconfig */;
			buildSettings = {
				ASSETCATALOG_COMPILER_APPICON_NAME = AppIcon;
				CODE_SIGN_STYLE = Automatic;
				INFOPLIST_FILE = ios_list_update_lib_dwifft_example/Info.plist;
				LD_RUNPATH_SEARCH_PATHS = (
					"$(inherited)",
					"@executable_path/Frameworks",
				);
				PRODUCT_BUNDLE_IDENTIFIER = "com.example.ios-list-update-lib-dwifft-example";
				PRODUCT_NAME = "$(TARGET_NAME)";
				SWIFT_VERSION = 4.2;
				TARGETED_DEVICE_FAMILY = "1,2";
			};
			name = Debug;
		};
		B8A7DA0822021055001A9D16 /* Release */ = {
			isa = XCBuildConfiguration;
			baseConfigurationReference = ABBCFAAE1EA3EA73C723ADC2 /* Pods-ios_list_update_lib_dwifft_example.release.xcconfig */;
			buildSettings = {
				ASSETCATALOG_COMPILER_APPICON_NAME = AppIcon;
				CODE_SIGN_STYLE = Automatic;
				INFOPLIST_FILE = ios_list_update_lib_dwifft_example/Info.plist;
				LD_RUNPATH_SEARCH_PATHS = (
					"$(inherited)",
					"@executable_path/Frameworks",
				);
				PRODUCT_BUNDLE_IDENTIFIER = "com.example.ios-list-update-lib-dwifft-example";
				PRODUCT_NAME = "$(TARGET_NAME)";
				SWIFT_VERSION = 4.2;
				TARGETED_DEVICE_FAMILY = "1,2";
			};
			name = Release;
		};
/* End XCBuildConfiguration section */

/* Begin XCConfigurationList section */
		B8A7D9EF22021054001A9D16 /* Build configuration list for PBXProject "ios_list_update_lib_dwifft_example" */ = {
			isa = XCConfigurationList;
			buildConfigurations = (
				B8A7DA0422021055001A9D16 /* Debug */,
				B8A7DA0522021055001A9D16 /* Release */,
			);
			defaultConfigurationIsVisible = 0;
			defaultConfigurationName = Release;
		};
		B8A7DA0622021055001A9D16 /* Build configuration list for PBXNativeTarget "ios_list_update_lib_dwifft_example" */ = {
			isa = XCConfigurationList;
			buildConfigurations = (
				B8A7DA0722021055001A9D16 /* Debug */,
				B8A7DA0822021055001A9D16 /* Release */,
			);
			defaultConfigurationIsVisible = 0;
			defaultConfigurationName = Release;
		};
/* End XCConfigurationList section */
	};
	rootObject = B8A7D9EC22021054001A9D16 /* Project object */;
}
